
Microsoft Visual Studio Solution File, Format Version 12.00
# Visual Studio Version 17
VisualStudioVersion = 17.11.35312.102
MinimumVisualStudioVersion = 10.0.40219.1
Project("{FAE04EC0-301F-11D3-BF4B-00C04F79EFBC}") = "HospitalManagement", "HospitalManagement\HospitalManagement.csproj", "{6BBDAE11-EA3D-4F0D-B6FB-FC43D19F98D8}"
EndProject
Global
	GlobalSection(SolutionConfigurationPlatforms) = preSolution
		Debug|Any CPU = Debug|Any CPU
		Release|Any CPU = Release|Any CPU
	EndGlobalSection
	GlobalSection(ProjectConfigurationPlatforms) = postSolution
		{6BBDAE11-EA3D-4F0D-B6FB-FC43D19F98D8}.Debug|Any CPU.ActiveCfg = Debug|Any CPU
		{6BBDAE11-EA3D-4F0D-B6FB-FC43D19F98D8}.Debug|Any CPU.Build.0 = Debug|Any CPU
		{6BBDAE11-EA3D-4F0D-B6FB-FC43D19F98D8}.Release|Any CPU.ActiveCfg = Release|Any CPU
		{6BBDAE11-EA3D-4F0D-B6FB-FC43D19F98D8}.Release|Any CPU.Build.0 = Release|Any CPU
	EndGlobalSection
	GlobalSection(SolutionProperties) = preSolution
		HideSolutionNode = FALSE
	EndGlobalSection
	GlobalSection(ExtensibilityGlobals) = postSolution
		SolutionGuid = {B2624655-A663-4811-B9F4-3D67D2374C4A}
	EndGlobalSection
EndGlobal
